{
  "nodes": {
    "nixpkgs": {
      "locked": {
        "lastModified": 1711715736,
        "narHash": "sha256-9slQ609YqT9bT/MNX9+5k5jltL9zgpn36DpFB7TkttM=",
        "owner": "nixos",
        "repo": "nixpkgs",
        "rev": "807c549feabce7eddbf259dbdcec9e0600a0660d",
        "type": "github"
      },
      "original": {
        "owner": "nixos",
        "ref": "nixpkgs-unstable",
        "repo": "nixpkgs",
        "type": "github"
      }
    },
    "pipenv_2023_10_24_nixpkgs": {
      "locked": {
        "lastModified": 1699713542,
        "narHash": "sha256-2o5Ta4qxK6nKfEeu4WInpWu1svntpGZWCSf4SXf4S7o=",
        "owner": "nixos",
        "repo": "nixpkgs",
        "rev": "2039ace2f4008fb413834b8f236462ba1f02a458",
        "type": "github"
      },
      "original": {
        "owner": "nixos",
        "repo": "nixpkgs",
        "rev": "2039ace2f4008fb413834b8f236462ba1f02a458",
        "type": "github"
      }
    },
    "root": {
      "inputs": {
        "nixpkgs": "nixpkgs",
        "pipenv_2023_10_24_nixpkgs": "pipenv_2023_10_24_nixpkgs",
        "systems": "systems",
        "treefmt-nix": "treefmt-nix"
      }
    },
    "systems": {
      "locked": {
        "lastModified": 1681028828,
        "narHash": "sha256-Vy1rq5AaRuLzOxct8nz4T6wlgyUR7zLU309k9mBC768=",
        "owner": "nix-systems",
        "repo": "default",
        "rev": "da67096a3b9bf56a91d16901293e51ba5b49a27e",
        "type": "github"
      },
      "original": {
        "id": "systems",
        "type": "indirect"
      }
    },
    "treefmt-nix": {
      "inputs": {
        "nixpkgs": [
          "nixpkgs"
        ]
      },
      "locked": {
        "lastModified": 1711803027,
        "narHash": "sha256-Qic3OvsVLpetchzaIe2hJqgliWXACq2Oee6mBXa/IZQ=",
        "owner": "numtide",
        "repo": "treefmt-nix",
        "rev": "1810d51a015c1730f2fe05a255258649799df416",
        "type": "github"
      },
      "original": {
        "owner": "numtide",
        "repo": "treefmt-nix",
        "type": "github"
      }
    }
  },
  "root": "root",
  "version": 7
}
